
Microsoft Visual Studio Solution File, Format Version 12.00
# Visual Studio 15
VisualStudioVersion = 15.0.26730.10
MinimumVisualStudioVersion = 10.0.40219.1
Project("{FAE04EC0-301F-11D3-BF4B-00C04F79EFBC}") = "CenyMieszkan", "CenyMieszkan\CenyMieszkan.csproj", "{B6B090DE-B464-4688-9C16-24A08122F197}"
EndProject
Project("{FAE04EC0-301F-11D3-BF4B-00C04F79EFBC}") = "CenyMieszkan.SelfHosted", "CenyMieszkan.SelfHosted\CenyMieszkan.SelfHosted.csproj", "{9444A71C-3415-4D7A-AFF5-F7054B991AD9}"
EndProject
Global
	GlobalSection(SolutionConfigurationPlatforms) = preSolution
		Debug|Any CPU = Debug|Any CPU
		Release|Any CPU = Release|Any CPU
	EndGlobalSection
	GlobalSection(ProjectConfigurationPlatforms) = postSolution
		{B6B090DE-B464-4688-9C16-24A08122F197}.Debug|Any CPU.ActiveCfg = Debug|Any CPU
		{B6B090DE-B464-4688-9C16-24A08122F197}.Debug|Any CPU.Build.0 = Debug|Any CPU
		{B6B090DE-B464-4688-9C16-24A08122F197}.Release|Any CPU.ActiveCfg = Release|Any CPU
		{B6B090DE-B464-4688-9C16-24A08122F197}.Release|Any CPU.Build.0 = Release|Any CPU
		{9444A71C-3415-4D7A-AFF5-F7054B991AD9}.Debug|Any CPU.ActiveCfg = Debug|Any CPU
		{9444A71C-3415-4D7A-AFF5-F7054B991AD9}.Debug|Any CPU.Build.0 = Debug|Any CPU
		{9444A71C-3415-4D7A-AFF5-F7054B991AD9}.Release|Any CPU.ActiveCfg = Release|Any CPU
		{9444A71C-3415-4D7A-AFF5-F7054B991AD9}.Release|Any CPU.Build.0 = Release|Any CPU
	EndGlobalSection
	GlobalSection(SolutionProperties) = preSolution
		HideSolutionNode = FALSE
	EndGlobalSection
	GlobalSection(ExtensibilityGlobals) = postSolution
		SolutionGuid = {451AF9B1-AC52-416B-825A-8601A37C6796}
	EndGlobalSection
EndGlobal
